
Microsoft Visual Studio Solution File, Format Version 12.00
# Visual Studio Version 17
VisualStudioVersion = 17.4.33403.182
MinimumVisualStudioVersion = 10.0.40219.1
Project("{9A19103F-16F7-4668-BE54-9A1E7A4F7556}") = "hyuzu", "hyuzu.csproj", "{B8636FDE-9D37-43FC-99B7-F3878390818C}"
EndProject
Global
	GlobalSection(SolutionConfigurationPlatforms) = preSolution
		Debug|Any CPU = Debug|Any CPU
		ExportDebug|Any CPU = ExportDebug|Any CPU
		ExportRelease|Any CPU = ExportRelease|Any CPU
	EndGlobalSection
	GlobalSection(ProjectConfigurationPlatforms) = postSolution
		{B8636FDE-9D37-43FC-99B7-F3878390818C}.Debug|Any CPU.ActiveCfg = Debug|Any CPU
		{B8636FDE-9D37-43FC-99B7-F3878390818C}.Debug|Any CPU.Build.0 = Debug|Any CPU
		{B8636FDE-9D37-43FC-99B7-F3878390818C}.ExportDebug|Any CPU.ActiveCfg = ExportDebug|Any CPU
		{B8636FDE-9D37-43FC-99B7-F3878390818C}.ExportDebug|Any CPU.Build.0 = ExportDebug|Any CPU
		{B8636FDE-9D37-43FC-99B7-F3878390818C}.ExportRelease|Any CPU.ActiveCfg = ExportRelease|Any CPU
		{B8636FDE-9D37-43FC-99B7-F3878390818C}.ExportRelease|Any CPU.Build.0 = ExportRelease|Any CPU
	EndGlobalSection
	GlobalSection(SolutionProperties) = preSolution
		HideSolutionNode = FALSE
	EndGlobalSection
	GlobalSection(ExtensibilityGlobals) = postSolution
		SolutionGuid = {AC7ACE2B-706C-4BD0-83DF-9118943BDDFF}
	EndGlobalSection
EndGlobal
